
Microsoft Visual Studio Solution File, Format Version 12.00
# Visual Studio 15
VisualStudioVersion = 15.0.27428.2027
MinimumVisualStudioVersion = 10.0.40219.1
Project("{FAE04EC0-301F-11D3-BF4B-00C04F79EFBC}") = "WebSchool", "WebSchool\WebSchool.csproj", "{183D8682-3064-426E-B99F-0E7695807CFA}"
EndProject
Global
	GlobalSection(SolutionConfigurationPlatforms) = preSolution
		Debug|Any CPU = Debug|Any CPU
		Release|Any CPU = Release|Any CPU
	EndGlobalSection
	GlobalSection(ProjectConfigurationPlatforms) = postSolution
		{183D8682-3064-426E-B99F-0E7695807CFA}.Debug|Any CPU.ActiveCfg = Debug|Any CPU
		{183D8682-3064-426E-B99F-0E7695807CFA}.Debug|Any CPU.Build.0 = Debug|Any CPU
		{183D8682-3064-426E-B99F-0E7695807CFA}.Release|Any CPU.ActiveCfg = Release|Any CPU
		{183D8682-3064-426E-B99F-0E7695807CFA}.Release|Any CPU.Build.0 = Release|Any CPU
	EndGlobalSection
	GlobalSection(SolutionProperties) = preSolution
		HideSolutionNode = FALSE
	EndGlobalSection
	GlobalSection(ExtensibilityGlobals) = postSolution
		SolutionGuid = {AB485DFB-42B4-4156-9C10-A5E8D1E9A168}
	EndGlobalSection
EndGlobal
